{
  "name": "json-to-html",
  "lockfileVersion": 3,
  "requires": true,
  "packages": {
    "": {
      "name": "json-to-html",
      "dependencies": {
        "typescript": "^5.0.4"
      },
      "devDependencies": {
        "bun-types": "^0.5.0"
      }
    },
    "node_modules/bun-types": {
      "version": "0.5.8",
      "resolved": "https://registry.npmjs.org/bun-types/-/bun-types-0.5.8.tgz",
      "integrity": "sha512-VHwD0MAHo3wraYAeqTWH2NDmXOdGfC3wWWOnZvK93ytI6yq/LkgsCjDudWNmN7MlfPvJb2zoLMnkzhjxNwLsLw==",
      "dev": true
    },
    "node_modules/typescript": {
      "version": "5.0.4",
      "resolved": "https://registry.npmjs.org/typescript/-/typescript-5.0.4.tgz",
      "integrity": "sha512-cW9T5W9xY37cc+jfEnaUvX91foxtHkza3Nw3wkoF4sSlKn0MONdkdEndig/qPBWXNkmplh3NzayQzCiHM4/hqw==",
      "bin": {
        "tsc": "bin/tsc",
        "tsserver": "bin/tsserver"
      },
      "engines": {
        "node": ">=12.20"
      }
    }
  }
}
